
Microsoft Visual Studio Solution File, Format Version 12.00
# Visual Studio Version 16
VisualStudioVersion = 16.0.29319.158
MinimumVisualStudioVersion = 10.0.40219.1
Project("{2150E333-8FDC-42A3-9474-1A3956D46DE8}") = "Scripts", "Scripts", "{4004CB61-38B7-4D0E-B8E7-BDDFF745135E}"
	ProjectSection(SolutionItems) = preProject
		add-migrations.sh = add-migrations.sh
	EndProjectSection
EndProject
Project("{2150E333-8FDC-42A3-9474-1A3956D46DE8}") = "Solution Items", "Solution Items", "{9DAAF3FD-B4E1-43CE-9DF4-7C324B258A27}"
	ProjectSection(SolutionItems) = preProject
		.editorconfig = .editorconfig
		.gitattributes = .gitattributes
		.gitignore = .gitignore
		nuget.config = nuget.config
		readme.md = readme.md
	EndProjectSection
EndProject
Project("{2150E333-8FDC-42A3-9474-1A3956D46DE8}") = "examples", "examples", "{946DF92B-0311-495F-BDE4-5A3D17118BED}"
EndProject
Project("{2150E333-8FDC-42A3-9474-1A3956D46DE8}") = "src", "src", "{F1D3CEA2-8A3D-4BB5-B5F4-AADA301645B7}"
EndProject
Project("{2150E333-8FDC-42A3-9474-1A3956D46DE8}") = "test", "test", "{520A0749-5168-49FE-BA35-E7F92121E8A1}"
EndProject
Project("{2150E333-8FDC-42A3-9474-1A3956D46DE8}") = "docs", "docs", "{F6435DBA-B613-4882-9096-1E281B8DAF8C}"
EndProject
Project("{9A19103F-16F7-4668-BE54-9A1E7A4F7556}") = "AspNetCoreExamples.ClassLibrary", "examples\AspNetCoreExamples.ClassLibrary\AspNetCoreExamples.ClassLibrary.csproj", "{8B6734CA-B84A-41D5-8278-BF661D5AF6A5}"
EndProject
Project("{9A19103F-16F7-4668-BE54-9A1E7A4F7556}") = "AspNetCoreExamples.GlobalTool", "examples\AspNetCoreExamples.GlobalTool\AspNetCoreExamples.GlobalTool.csproj", "{7CB661CA-BCAB-42E6-B58F-3CC590705842}"
EndProject
Project("{9A19103F-16F7-4668-BE54-9A1E7A4F7556}") = "AspNetCoreExamples.WebApi", "examples\AspNetCoreExamples.WebApi\AspNetCoreExamples.WebApi.csproj", "{7A686B59-5617-4E2C-AB61-61B44A48362C}"
EndProject
Project("{9A19103F-16F7-4668-BE54-9A1E7A4F7556}") = "AspNetCoreExamples.ConsoleAppWithoutHost", "examples\AspNetCoreExamples.ConsoleAppWithoutHost\AspNetCoreExamples.ConsoleAppWithoutHost.csproj", "{F700F6C5-E5F1-403D-ACFB-3A26B26D079E}"
EndProject
Project("{9A19103F-16F7-4668-BE54-9A1E7A4F7556}") = "AspNetCoreExamples.Mvc", "examples\AspNetCoreExamples.Mvc\AspNetCoreExamples.Mvc.csproj", "{98117191-299E-451C-835F-A323D279AE98}"
EndProject
Project("{2150E333-8FDC-42A3-9474-1A3956D46DE8}") = "Application", "Application", "{D9B0B609-3FEC-4C3D-8099-E8BC25E246F3}"
EndProject
Project("{2150E333-8FDC-42A3-9474-1A3956D46DE8}") = "Domain", "Domain", "{E4E13854-BAF7-40FF-A5A1-E3E2C42B623E}"
EndProject
Project("{2150E333-8FDC-42A3-9474-1A3956D46DE8}") = "Infrastructure", "Infrastructure", "{333DB9D4-8838-49FC-889D-70831B338728}"
EndProject
Project("{E53339B2-1760-4266-BCC7-CA923CBCF16C}") = "docker-compose", "docker-compose.dcproj", "{E2E3F21A-93B9-4382-A46A-7DB5938F6005}"
EndProject
Project("{9A19103F-16F7-4668-BE54-9A1E7A4F7556}") = "AspNetCoreExamples.Tests", "test\AspNetCoreExamples.Tests\AspNetCoreExamples.Tests.csproj", "{336E2742-98E7-4D11-9942-58CB37A6BAD1}"
EndProject
Project("{2150E333-8FDC-42A3-9474-1A3956D46DE8}") = "2.AspNetCore2Vs3", "2.AspNetCore2Vs3", "{40DDF5D5-66BF-4B51-8CEB-BE1B9FD74E76}"
EndProject
Project("{9A19103F-16F7-4668-BE54-9A1E7A4F7556}") = "AspNetCoreExamples.Version2_2", "examples\AspNetCoreExamples.Version2_2\AspNetCoreExamples.Version2_2.csproj", "{1B7BF105-22F4-4DC5-9532-250FB916D989}"
EndProject
Project("{9A19103F-16F7-4668-BE54-9A1E7A4F7556}") = "AspNetCoreExamples.Version3_0", "examples\AspNEtCoreExamples.Version3_0\AspNetCoreExamples.Version3_0.csproj", "{C9F434E5-A05C-4F32-B3D7-2EC9A28B5595}"
EndProject
Project("{9A19103F-16F7-4668-BE54-9A1E7A4F7556}") = "AspNetCoreExamples.ConsoleApp", "examples\AspNetCoreExamples.ConsoleApp\AspNetCoreExamples.ConsoleApp.csproj", "{8116D566-559F-44CC-A707-1F52D69221F2}"
EndProject
Project("{9A19103F-16F7-4668-BE54-9A1E7A4F7556}") = "AspNetCoreExamples.Middlewares", "examples\AspNetCoreExamples.Middlewares\AspNetCoreExamples.Middlewares.csproj", "{F35321CC-C881-4D21-9264-32EC40F8DDB2}"
EndProject
Project("{2150E333-8FDC-42A3-9474-1A3956D46DE8}") = "1.GenericHost", "1.GenericHost", "{150A7215-5659-4A34-82FD-B04C768F06D5}"
EndProject
Project("{2150E333-8FDC-42A3-9474-1A3956D46DE8}") = "NginxVsIIS", "NginxVsIIS", "{3C31E770-4865-483F-94B0-F03FBE7557FA}"
EndProject
Project("{9A19103F-16F7-4668-BE54-9A1E7A4F7556}") = "AspNetCoreExamples.IIS", "examples\AspNetCoreExamples.IIS\AspNetCoreExamples.IIS.csproj", "{6B43B178-728B-4BC5-A164-0850A34324F8}"
EndProject
Project("{9A19103F-16F7-4668-BE54-9A1E7A4F7556}") = "AspNetCoreExamples.Extensions", "examples\AspNetCoreExamples.Extensions\AspNetCoreExamples.Extensions.csproj", "{1100C452-54CE-45D6-B1A6-6C49BF45AB8C}"
EndProject
Project("{2150E333-8FDC-42A3-9474-1A3956D46DE8}") = "DependencyInjection", "DependencyInjection", "{7345F879-6219-4239-A4B0-E19DCD5C23F1}"
EndProject
Project("{9A19103F-16F7-4668-BE54-9A1E7A4F7556}") = "AspNetCoreExamples.DependencyInjection.Logging", "examples\AspNetCoreExamples.DependencyInjection.Logging\AspNetCoreExamples.DependencyInjection.Logging.csproj", "{551E5B7E-4A28-44E4-8C18-F87D82C22EDA}"
EndProject
Project("{2150E333-8FDC-42A3-9474-1A3956D46DE8}") = "InProcessVsOutOfProcess", "InProcessVsOutOfProcess", "{5963DAF8-1185-43B4-81B6-CA18EE1AF704}"
EndProject
Project("{9A19103F-16F7-4668-BE54-9A1E7A4F7556}") = "AspNetCoreExamples.InProcess", "examples\AspNetCoreExamples.InProcess\AspNetCoreExamples.InProcess.csproj", "{DCB755A7-5E12-4CC2-8597-88F34B70A02C}"
EndProject
Project("{9A19103F-16F7-4668-BE54-9A1E7A4F7556}") = "AspNetCoreExamples.OutOfProcess", "examples\AspNetCoreExamples.OutOfProcess\AspNetCoreExamples.OutOfProcess.csproj", "{9A0ED25A-EBF9-4ED8-BD90-A8ACEA0DFAA2}"
EndProject
Project("{2150E333-8FDC-42A3-9474-1A3956D46DE8}") = "GlobalTool", "GlobalTool", "{359EE653-0DC7-4ED2-A331-B8DACA0559BA}"
EndProject
Project("{2150E333-8FDC-42A3-9474-1A3956D46DE8}") = "Middlewares", "Middlewares", "{F6AD9B9F-792E-4806-9BA7-BC83CD77CD46}"
EndProject
Project("{9A19103F-16F7-4668-BE54-9A1E7A4F7556}") = "AspNetCoreExamples.Nginx", "examples\AspNetCoreExamples.Nginx\AspNetCoreExamples.Nginx.csproj", "{9CDA7187-ECE2-4224-9948-F7A25919805C}"
EndProject
Project("{9A19103F-16F7-4668-BE54-9A1E7A4F7556}") = "AspNetCoreExamples.Lab", "examples\AspNetCoreExamples.Empty\AspNetCoreExamples.Lab.csproj", "{23971A0C-44F2-4048-BD47-304F9030E4D2}"
EndProject
Project("{9A19103F-16F7-4668-BE54-9A1E7A4F7556}") = "AspNetCoreExamples.DependencyInjection.AutoFac", "examples\AspNetCoreExamples.DependencyInjection.AutoFac\AspNetCoreExamples.DependencyInjection.AutoFac.csproj", "{955102D5-C25C-4EE2-AB2F-2C5DB3C42ACD}"
EndProject
Project("{2150E333-8FDC-42A3-9474-1A3956D46DE8}") = "SOLID", "SOLID", "{609D99C0-DB41-46BB-ACB8-2B94C338B7BE}"
EndProject
Project("{9A19103F-16F7-4668-BE54-9A1E7A4F7556}") = "AspNetCoreExamples.SOLID", "SOLID\AspNetCoreExamples.SOLID\AspNetCoreExamples.SOLID.csproj", "{B0E716D4-124A-455F-A54A-477E6A21A00D}"
EndProject
Project("{2150E333-8FDC-42A3-9474-1A3956D46DE8}") = "Docker", "Docker", "{EB0F5576-DD73-4A60-A5C7-48EAE79CC575}"
EndProject
Project("{9A19103F-16F7-4668-BE54-9A1E7A4F7556}") = "AspNetCoreExamples.DockerConsoleApp", "examples\AspNetCoreExamples.DockerConsoleApp\AspNetCoreExamples.DockerConsoleApp.csproj", "{9404EEE2-4DD4-4971-9049-1894C870B0A2}"
EndProject
Project("{9A19103F-16F7-4668-BE54-9A1E7A4F7556}") = "AspNetCoreExamples.DockerWebApp", "examples\AspNetCoreExamples.DockerWebApp\AspNetCoreExamples.DockerWebApp.csproj", "{ACF21556-3E9A-45ED-99B1-401C381BF101}"
EndProject
Global
	GlobalSection(SolutionConfigurationPlatforms) = preSolution
		Debug|Any CPU = Debug|Any CPU
		Release|Any CPU = Release|Any CPU
	EndGlobalSection
	GlobalSection(ProjectConfigurationPlatforms) = postSolution
		{8B6734CA-B84A-41D5-8278-BF661D5AF6A5}.Debug|Any CPU.ActiveCfg = Debug|Any CPU
		{8B6734CA-B84A-41D5-8278-BF661D5AF6A5}.Debug|Any CPU.Build.0 = Debug|Any CPU
		{8B6734CA-B84A-41D5-8278-BF661D5AF6A5}.Release|Any CPU.ActiveCfg = Release|Any CPU
		{8B6734CA-B84A-41D5-8278-BF661D5AF6A5}.Release|Any CPU.Build.0 = Release|Any CPU
		{7CB661CA-BCAB-42E6-B58F-3CC590705842}.Debug|Any CPU.ActiveCfg = Debug|Any CPU
		{7CB661CA-BCAB-42E6-B58F-3CC590705842}.Debug|Any CPU.Build.0 = Debug|Any CPU
		{7CB661CA-BCAB-42E6-B58F-3CC590705842}.Release|Any CPU.ActiveCfg = Release|Any CPU
		{7CB661CA-BCAB-42E6-B58F-3CC590705842}.Release|Any CPU.Build.0 = Release|Any CPU
		{7A686B59-5617-4E2C-AB61-61B44A48362C}.Debug|Any CPU.ActiveCfg = Debug|Any CPU
		{7A686B59-5617-4E2C-AB61-61B44A48362C}.Debug|Any CPU.Build.0 = Debug|Any CPU
		{7A686B59-5617-4E2C-AB61-61B44A48362C}.Release|Any CPU.ActiveCfg = Release|Any CPU
		{7A686B59-5617-4E2C-AB61-61B44A48362C}.Release|Any CPU.Build.0 = Release|Any CPU
		{F700F6C5-E5F1-403D-ACFB-3A26B26D079E}.Debug|Any CPU.ActiveCfg = Debug|Any CPU
		{F700F6C5-E5F1-403D-ACFB-3A26B26D079E}.Debug|Any CPU.Build.0 = Debug|Any CPU
		{F700F6C5-E5F1-403D-ACFB-3A26B26D079E}.Release|Any CPU.ActiveCfg = Release|Any CPU
		{F700F6C5-E5F1-403D-ACFB-3A26B26D079E}.Release|Any CPU.Build.0 = Release|Any CPU
		{98117191-299E-451C-835F-A323D279AE98}.Debug|Any CPU.ActiveCfg = Debug|Any CPU
		{98117191-299E-451C-835F-A323D279AE98}.Debug|Any CPU.Build.0 = Debug|Any CPU
		{98117191-299E-451C-835F-A323D279AE98}.Release|Any CPU.ActiveCfg = Release|Any CPU
		{98117191-299E-451C-835F-A323D279AE98}.Release|Any CPU.Build.0 = Release|Any CPU
		{E2E3F21A-93B9-4382-A46A-7DB5938F6005}.Debug|Any CPU.ActiveCfg = Debug|Any CPU
		{E2E3F21A-93B9-4382-A46A-7DB5938F6005}.Debug|Any CPU.Build.0 = Debug|Any CPU
		{E2E3F21A-93B9-4382-A46A-7DB5938F6005}.Release|Any CPU.ActiveCfg = Release|Any CPU
		{E2E3F21A-93B9-4382-A46A-7DB5938F6005}.Release|Any CPU.Build.0 = Release|Any CPU
		{336E2742-98E7-4D11-9942-58CB37A6BAD1}.Debug|Any CPU.ActiveCfg = Debug|Any CPU
		{336E2742-98E7-4D11-9942-58CB37A6BAD1}.Debug|Any CPU.Build.0 = Debug|Any CPU
		{336E2742-98E7-4D11-9942-58CB37A6BAD1}.Release|Any CPU.ActiveCfg = Release|Any CPU
		{336E2742-98E7-4D11-9942-58CB37A6BAD1}.Release|Any CPU.Build.0 = Release|Any CPU
		{1B7BF105-22F4-4DC5-9532-250FB916D989}.Debug|Any CPU.ActiveCfg = Debug|Any CPU
		{1B7BF105-22F4-4DC5-9532-250FB916D989}.Debug|Any CPU.Build.0 = Debug|Any CPU
		{1B7BF105-22F4-4DC5-9532-250FB916D989}.Release|Any CPU.ActiveCfg = Release|Any CPU
		{1B7BF105-22F4-4DC5-9532-250FB916D989}.Release|Any CPU.Build.0 = Release|Any CPU
		{C9F434E5-A05C-4F32-B3D7-2EC9A28B5595}.Debug|Any CPU.ActiveCfg = Debug|Any CPU
		{C9F434E5-A05C-4F32-B3D7-2EC9A28B5595}.Debug|Any CPU.Build.0 = Debug|Any CPU
		{C9F434E5-A05C-4F32-B3D7-2EC9A28B5595}.Release|Any CPU.ActiveCfg = Release|Any CPU
		{C9F434E5-A05C-4F32-B3D7-2EC9A28B5595}.Release|Any CPU.Build.0 = Release|Any CPU
		{8116D566-559F-44CC-A707-1F52D69221F2}.Debug|Any CPU.ActiveCfg = Debug|Any CPU
		{8116D566-559F-44CC-A707-1F52D69221F2}.Debug|Any CPU.Build.0 = Debug|Any CPU
		{8116D566-559F-44CC-A707-1F52D69221F2}.Release|Any CPU.ActiveCfg = Release|Any CPU
		{8116D566-559F-44CC-A707-1F52D69221F2}.Release|Any CPU.Build.0 = Release|Any CPU
		{F35321CC-C881-4D21-9264-32EC40F8DDB2}.Debug|Any CPU.ActiveCfg = Debug|Any CPU
		{F35321CC-C881-4D21-9264-32EC40F8DDB2}.Debug|Any CPU.Build.0 = Debug|Any CPU
		{F35321CC-C881-4D21-9264-32EC40F8DDB2}.Release|Any CPU.ActiveCfg = Release|Any CPU
		{F35321CC-C881-4D21-9264-32EC40F8DDB2}.Release|Any CPU.Build.0 = Release|Any CPU
		{6B43B178-728B-4BC5-A164-0850A34324F8}.Debug|Any CPU.ActiveCfg = Debug|Any CPU
		{6B43B178-728B-4BC5-A164-0850A34324F8}.Debug|Any CPU.Build.0 = Debug|Any CPU
		{6B43B178-728B-4BC5-A164-0850A34324F8}.Release|Any CPU.ActiveCfg = Release|Any CPU
		{6B43B178-728B-4BC5-A164-0850A34324F8}.Release|Any CPU.Build.0 = Release|Any CPU
		{1100C452-54CE-45D6-B1A6-6C49BF45AB8C}.Debug|Any CPU.ActiveCfg = Debug|Any CPU
		{1100C452-54CE-45D6-B1A6-6C49BF45AB8C}.Debug|Any CPU.Build.0 = Debug|Any CPU
		{1100C452-54CE-45D6-B1A6-6C49BF45AB8C}.Release|Any CPU.ActiveCfg = Release|Any CPU
		{1100C452-54CE-45D6-B1A6-6C49BF45AB8C}.Release|Any CPU.Build.0 = Release|Any CPU
		{551E5B7E-4A28-44E4-8C18-F87D82C22EDA}.Debug|Any CPU.ActiveCfg = Debug|Any CPU
		{551E5B7E-4A28-44E4-8C18-F87D82C22EDA}.Debug|Any CPU.Build.0 = Debug|Any CPU
		{551E5B7E-4A28-44E4-8C18-F87D82C22EDA}.Release|Any CPU.ActiveCfg = Release|Any CPU
		{551E5B7E-4A28-44E4-8C18-F87D82C22EDA}.Release|Any CPU.Build.0 = Release|Any CPU
		{DCB755A7-5E12-4CC2-8597-88F34B70A02C}.Debug|Any CPU.ActiveCfg = Debug|Any CPU
		{DCB755A7-5E12-4CC2-8597-88F34B70A02C}.Debug|Any CPU.Build.0 = Debug|Any CPU
		{DCB755A7-5E12-4CC2-8597-88F34B70A02C}.Release|Any CPU.ActiveCfg = Release|Any CPU
		{DCB755A7-5E12-4CC2-8597-88F34B70A02C}.Release|Any CPU.Build.0 = Release|Any CPU
		{9A0ED25A-EBF9-4ED8-BD90-A8ACEA0DFAA2}.Debug|Any CPU.ActiveCfg = Debug|Any CPU
		{9A0ED25A-EBF9-4ED8-BD90-A8ACEA0DFAA2}.Debug|Any CPU.Build.0 = Debug|Any CPU
		{9A0ED25A-EBF9-4ED8-BD90-A8ACEA0DFAA2}.Release|Any CPU.ActiveCfg = Release|Any CPU
		{9A0ED25A-EBF9-4ED8-BD90-A8ACEA0DFAA2}.Release|Any CPU.Build.0 = Release|Any CPU
		{9CDA7187-ECE2-4224-9948-F7A25919805C}.Debug|Any CPU.ActiveCfg = Debug|Any CPU
		{9CDA7187-ECE2-4224-9948-F7A25919805C}.Debug|Any CPU.Build.0 = Debug|Any CPU
		{9CDA7187-ECE2-4224-9948-F7A25919805C}.Release|Any CPU.ActiveCfg = Release|Any CPU
		{9CDA7187-ECE2-4224-9948-F7A25919805C}.Release|Any CPU.Build.0 = Release|Any CPU
		{23971A0C-44F2-4048-BD47-304F9030E4D2}.Debug|Any CPU.ActiveCfg = Debug|Any CPU
		{23971A0C-44F2-4048-BD47-304F9030E4D2}.Debug|Any CPU.Build.0 = Debug|Any CPU
		{23971A0C-44F2-4048-BD47-304F9030E4D2}.Release|Any CPU.ActiveCfg = Release|Any CPU
		{23971A0C-44F2-4048-BD47-304F9030E4D2}.Release|Any CPU.Build.0 = Release|Any CPU
		{955102D5-C25C-4EE2-AB2F-2C5DB3C42ACD}.Debug|Any CPU.ActiveCfg = Debug|Any CPU
		{955102D5-C25C-4EE2-AB2F-2C5DB3C42ACD}.Debug|Any CPU.Build.0 = Debug|Any CPU
		{955102D5-C25C-4EE2-AB2F-2C5DB3C42ACD}.Release|Any CPU.ActiveCfg = Release|Any CPU
		{955102D5-C25C-4EE2-AB2F-2C5DB3C42ACD}.Release|Any CPU.Build.0 = Release|Any CPU
		{B0E716D4-124A-455F-A54A-477E6A21A00D}.Debug|Any CPU.ActiveCfg = Debug|Any CPU
		{B0E716D4-124A-455F-A54A-477E6A21A00D}.Debug|Any CPU.Build.0 = Debug|Any CPU
		{B0E716D4-124A-455F-A54A-477E6A21A00D}.Release|Any CPU.ActiveCfg = Release|Any CPU
		{B0E716D4-124A-455F-A54A-477E6A21A00D}.Release|Any CPU.Build.0 = Release|Any CPU
		{9404EEE2-4DD4-4971-9049-1894C870B0A2}.Debug|Any CPU.ActiveCfg = Debug|Any CPU
		{9404EEE2-4DD4-4971-9049-1894C870B0A2}.Debug|Any CPU.Build.0 = Debug|Any CPU
		{9404EEE2-4DD4-4971-9049-1894C870B0A2}.Release|Any CPU.ActiveCfg = Release|Any CPU
		{9404EEE2-4DD4-4971-9049-1894C870B0A2}.Release|Any CPU.Build.0 = Release|Any CPU
		{ACF21556-3E9A-45ED-99B1-401C381BF101}.Debug|Any CPU.ActiveCfg = Debug|Any CPU
		{ACF21556-3E9A-45ED-99B1-401C381BF101}.Debug|Any CPU.Build.0 = Debug|Any CPU
		{ACF21556-3E9A-45ED-99B1-401C381BF101}.Release|Any CPU.ActiveCfg = Release|Any CPU
		{ACF21556-3E9A-45ED-99B1-401C381BF101}.Release|Any CPU.Build.0 = Release|Any CPU
	EndGlobalSection
	GlobalSection(SolutionProperties) = preSolution
		HideSolutionNode = FALSE
	EndGlobalSection
	GlobalSection(NestedProjects) = preSolution
		{8B6734CA-B84A-41D5-8278-BF661D5AF6A5} = {946DF92B-0311-495F-BDE4-5A3D17118BED}
		{7CB661CA-BCAB-42E6-B58F-3CC590705842} = {359EE653-0DC7-4ED2-A331-B8DACA0559BA}
		{7A686B59-5617-4E2C-AB61-61B44A48362C} = {946DF92B-0311-495F-BDE4-5A3D17118BED}
		{F700F6C5-E5F1-403D-ACFB-3A26B26D079E} = {150A7215-5659-4A34-82FD-B04C768F06D5}
		{98117191-299E-451C-835F-A323D279AE98} = {946DF92B-0311-495F-BDE4-5A3D17118BED}
		{D9B0B609-3FEC-4C3D-8099-E8BC25E246F3} = {F1D3CEA2-8A3D-4BB5-B5F4-AADA301645B7}
		{E4E13854-BAF7-40FF-A5A1-E3E2C42B623E} = {F1D3CEA2-8A3D-4BB5-B5F4-AADA301645B7}
		{333DB9D4-8838-49FC-889D-70831B338728} = {F1D3CEA2-8A3D-4BB5-B5F4-AADA301645B7}
		{E2E3F21A-93B9-4382-A46A-7DB5938F6005} = {946DF92B-0311-495F-BDE4-5A3D17118BED}
		{336E2742-98E7-4D11-9942-58CB37A6BAD1} = {520A0749-5168-49FE-BA35-E7F92121E8A1}
		{40DDF5D5-66BF-4B51-8CEB-BE1B9FD74E76} = {946DF92B-0311-495F-BDE4-5A3D17118BED}
		{1B7BF105-22F4-4DC5-9532-250FB916D989} = {40DDF5D5-66BF-4B51-8CEB-BE1B9FD74E76}
		{C9F434E5-A05C-4F32-B3D7-2EC9A28B5595} = {40DDF5D5-66BF-4B51-8CEB-BE1B9FD74E76}
		{8116D566-559F-44CC-A707-1F52D69221F2} = {150A7215-5659-4A34-82FD-B04C768F06D5}
		{F35321CC-C881-4D21-9264-32EC40F8DDB2} = {F6AD9B9F-792E-4806-9BA7-BC83CD77CD46}
		{150A7215-5659-4A34-82FD-B04C768F06D5} = {946DF92B-0311-495F-BDE4-5A3D17118BED}
		{3C31E770-4865-483F-94B0-F03FBE7557FA} = {946DF92B-0311-495F-BDE4-5A3D17118BED}
		{6B43B178-728B-4BC5-A164-0850A34324F8} = {3C31E770-4865-483F-94B0-F03FBE7557FA}
		{1100C452-54CE-45D6-B1A6-6C49BF45AB8C} = {946DF92B-0311-495F-BDE4-5A3D17118BED}
		{7345F879-6219-4239-A4B0-E19DCD5C23F1} = {946DF92B-0311-495F-BDE4-5A3D17118BED}
		{551E5B7E-4A28-44E4-8C18-F87D82C22EDA} = {7345F879-6219-4239-A4B0-E19DCD5C23F1}
		{5963DAF8-1185-43B4-81B6-CA18EE1AF704} = {946DF92B-0311-495F-BDE4-5A3D17118BED}
		{DCB755A7-5E12-4CC2-8597-88F34B70A02C} = {5963DAF8-1185-43B4-81B6-CA18EE1AF704}
		{9A0ED25A-EBF9-4ED8-BD90-A8ACEA0DFAA2} = {5963DAF8-1185-43B4-81B6-CA18EE1AF704}
		{359EE653-0DC7-4ED2-A331-B8DACA0559BA} = {946DF92B-0311-495F-BDE4-5A3D17118BED}
		{F6AD9B9F-792E-4806-9BA7-BC83CD77CD46} = {946DF92B-0311-495F-BDE4-5A3D17118BED}
		{9CDA7187-ECE2-4224-9948-F7A25919805C} = {3C31E770-4865-483F-94B0-F03FBE7557FA}
		{23971A0C-44F2-4048-BD47-304F9030E4D2} = {F6AD9B9F-792E-4806-9BA7-BC83CD77CD46}
		{955102D5-C25C-4EE2-AB2F-2C5DB3C42ACD} = {7345F879-6219-4239-A4B0-E19DCD5C23F1}
		{B0E716D4-124A-455F-A54A-477E6A21A00D} = {609D99C0-DB41-46BB-ACB8-2B94C338B7BE}
		{EB0F5576-DD73-4A60-A5C7-48EAE79CC575} = {946DF92B-0311-495F-BDE4-5A3D17118BED}
		{9404EEE2-4DD4-4971-9049-1894C870B0A2} = {EB0F5576-DD73-4A60-A5C7-48EAE79CC575}
		{ACF21556-3E9A-45ED-99B1-401C381BF101} = {EB0F5576-DD73-4A60-A5C7-48EAE79CC575}
	EndGlobalSection
	GlobalSection(ExtensibilityGlobals) = postSolution
		SolutionGuid = {CF4CA483-09F6-4EF4-852C-4ABEEDF77D6E}
	EndGlobalSection
EndGlobal
